{
  "nodes": {
    "flake-parts": {
      "inputs": {
        "nixpkgs-lib": [
          "nixpkgs"
        ]
      },
      "locked": {
        "lastModified": 1790898470,
        "narHash": "sha256-zTwuwezD0w3hpga6a6P8emidzAZFyWqlNeRBlpWOOl8=",
        "owner": "hercules-ci",
        "repo": "flake-parts",
        "rev": "024633cd702b10285db5cb19b40ad48d2399ba60",
        "type": "github"
      },
      "original": {
        "owner": "hercules-ci",
        "repo": "flake-parts",
        "type": "github"
      }
    },
    "flake-parts_2": {
      "inputs": {
        "nixpkgs-lib": [
          "go-nix-helpers",
          "nixpkgs"
        ]
      },
      "locked": {
        "lastModified": 1788450739,
        "narHash": "sha256-glZLQlzIn1fXH6PazR2iUmTo7kzzyYSshrWhLS9TqCU=",
        "owner": "hercules-ci",
        "repo": "flake-parts",
        "rev": "31729ca8cbdb4fa927b34e5f4353e6a83f39e993",
        "type": "github"
      },
      "original": {
        "owner": "hercules-ci",
        "repo": "flake-parts",
        "type": "github"
      }
    },
    "go-atomic-write": {
      "flake": false,
      "locked": {
        "lastModified": 1789630923,
        "narHash": "sha256-ERKaYXqDABDwK63JIx8Wx0oernSbziJDaiqPo/f68HU=",
        "owner": "LarsArtmann",
        "repo": "go-atomic-write",
        "rev": "8172e7bb56307b4bc48bda7a3714849f6e0e5517",
        "type": "github"
      },
      "original": {
        "owner": "LarsArtmann",
        "ref": "v0.5.2",
        "repo": "go-atomic-write",
        "type": "github"
      }
    },
    "go-error-family": {
      "flake": false,
      "locked": {
        "lastModified": 1789492852,
        "narHash": "sha256-RC1EJpdlRf3eX4K4uq+Xb/BSpIgrWJ6AmXaaCwm3fIk=",
        "owner": "LarsArtmann",
        "repo": "go-error-family",
        "rev": "1d629ba2738cf04645fd08a774aa6f215b1c009a",
        "type": "github"
      },
      "original": {
        "owner": "LarsArtmann",
        "ref": "v0.10.1",
        "repo": "go-error-family",
        "type": "github"
      }
    },
    "go-finding": {
      "flake": false,
      "locked": {
        "lastModified": 1790100510,
        "narHash": "sha256-9SIzXztAkNlCKIKmnHS9XldwPJZmcijr9Re0x5LSn0Y=",
        "owner": "LarsArtmann",
        "repo": "go-finding",
        "rev": "450824e9783d2ac74f04a388f178573f7ca953e6",
        "type": "github"
      },
      "original": {
        "owner": "LarsArtmann",
        "ref": "refs/tags/v1.13.0",
        "repo": "go-finding",
        "type": "github"
      }
    },
    "go-nix-helpers": {
      "inputs": {
        "flake-parts": "flake-parts_2",
        "nixpkgs": [
          "nixpkgs"
        ],
        "systems": "systems",
        "treefmt-nix": "treefmt-nix"
      },
      "locked": {
        "lastModified": 1789630646,
        "narHash": "sha256-rCkNGhVw3bEgdoP+SgbRT/I21YNQRDq6X+Y4OQHOjXE=",
        "owner": "LarsArtmann",
        "repo": "go-nix-helpers",
        "rev": "19fc8e5986d59f57ff8780fcbc5623fb412c345f",
        "type": "github"
      },
      "original": {
        "owner": "LarsArtmann",
        "repo": "go-nix-helpers",
        "rev": "19fc8e5986d59f57ff8780fcbc5623fb412c345f",
        "type": "github"
      }
    },
    "linter-autoconfigure-sdk": {
      "flake": false,
      "locked": {
        "lastModified": 1790984884,
        "narHash": "sha256-+0TtBO3e1HjF5PGnVKRDem6M2qXr59MctNyxXj/TQp8=",
        "owner": "LarsArtmann",
        "repo": "linter-autoconfigure-sdk",
        "rev": "3313d94a9000bde8f122384b35c646271397cf22",
        "type": "github"
      },
      "original": {
        "owner": "LarsArtmann",
        "ref": "refs/tags/v0.8.0",
        "repo": "linter-autoconfigure-sdk",
        "type": "github"
      }
    },
    "nixpkgs": {
      "locked": {
        "lastModified": 1790822859,
        "narHash": "sha256-69xHQhAeMAD2wDXO7T2pcOZIF9Sga2W+JkmY2a11Ops=",
        "owner": "NixOS",
        "repo": "nixpkgs",
        "rev": "c59305bab2065cfecc4944690d9eedbb56f3a9fa",
        "type": "github"
      },
      "original": {
        "owner": "NixOS",
        "ref": "nixos-unstable",
        "repo": "nixpkgs",
        "type": "github"
      }
    },
    "root": {
      "inputs": {
        "flake-parts": "flake-parts",
        "go-atomic-write": "go-atomic-write",
        "go-error-family": "go-error-family",
        "go-finding": "go-finding",
        "go-nix-helpers": "go-nix-helpers",
        "linter-autoconfigure-sdk": "linter-autoconfigure-sdk",
        "nixpkgs": "nixpkgs"
      }
    },
    "systems": {
      "locked": {
        "lastModified": 1681028828,
        "narHash": "sha256-Vy1rq5AaRuLzOxct8nz4T6wlgyUR7zLU309k9mBC768=",
        "owner": "nix-systems",
        "repo": "default",
        "rev": "da67096a3b9bf56a91d16901293e51ba5b49a27e",
        "type": "github"
      },
      "original": {
        "owner": "nix-systems",
        "repo": "default",
        "type": "github"
      }
    },
    "treefmt-nix": {
      "inputs": {
        "nixpkgs": [
          "go-nix-helpers",
          "nixpkgs"
        ]
      },
      "locked": {
        "lastModified": 1786901030,
        "narHash": "sha256-WSFCsDSE5ffgD2MqzkM2CYjeFiKhRF/dJUN8uedb6YE=",
        "owner": "numtide",
        "repo": "treefmt-nix",
        "rev": "27b3b12a8e6375f28ebe122f07d230ca5459bbfa",
        "type": "github"
      },
      "original": {
        "owner": "numtide",
        "repo": "treefmt-nix",
        "type": "github"
      }
    }
  },
  "root": "root",
  "version": 7
}
